// !$*UTF8*$!
{
	archiveVersion = 1;
	classes = {
	};
	objectVersion = 46;
	objects = {

/* Begin PBXBuildFile section */
		4848B04F1F10EAA40093C973 /* WWTLog.m in Sources */ = {isa = PBXBuildFile; fileRef = 4848B04E1F10EAA40093C973 /* WWTLog.m */; };
		48A85A121F10AE4A00C95DFD /* main.m in Sources */ = {isa = PBXBuildFile; fileRef = 48A85A111F10AE4A00C95DFD /* main.m */; };
		48A85A151F10AE4A00C95DFD /* AppDelegate.m in Sources */ = {isa = PBXBuildFile; fileRef = 48A85A141F10AE4A00C95DFD /* AppDelegate.m */; };
		48A85A181F10AE4A00C95DFD /* ViewController.m in Sources */ = {isa = PBXBuildFile; fileRef = 48A85A171F10AE4A00C95DFD /* ViewController.m */; };
		48A85A1B1F10AE4A00C95DFD /* Main.storyboard in Resources */ = {isa = PBXBuildFile; fileRef = 48A85A191F10AE4A00C95DFD /* Main.storyboard */; };
		48A85A1D1F10AE4A00C95DFD /* Assets.xcassets in Resources */ = {isa = PBXBuildFile; fileRef = 48A85A1C1F10AE4A00C95DFD /* Assets.xcassets */; };
		48A85A201F10AE4A00C95DFD /* LaunchScreen.storyboard in Resources */ = {isa = PBXBuildFile; fileRef = 48A85A1E1F10AE4A00C95DFD /* LaunchScreen.storyboard */; };
/* End PBXBuildFile section */

/* Begin PBXFileReference section */
		4848B04D1F10EAA40093C973 /* WWTLog.h */ = {isa = PBXFileReference; fileEncoding = 4; lastKnownFileType = sourcecode.c.h; path = WWTLog.h; sourceTree = "<group>"; };
		4848B04E1F10EAA40093C973 /* WWTLog.m */ = {isa = PBXFileReference; fileEncoding = 4; lastKnownFileType = sourcecode.c.objc; path = WWTLog.m; sourceTree = "<group>"; };
		48A85A0D1F10AE4A00C95DFD /* WWTPods.app */ = {isa = PBXFileReference; explicitFileType = wrapper.application; includeInIndex = 0; path = WWTPods.app; sourceTree = BUILT_PRODUCTS_DIR; };
		48A85A111F10AE4A00C95DFD /* main.m */ = {isa = PBXFileReference; lastKnownFileType = sourcecode.c.objc; path = main.m; sourceTree = "<group>"; };
		48A85A131F10AE4A00C95DFD /* AppDelegate.h */ = {isa = PBXFileReference; lastKnownFileType = sourcecode.c.h; path = AppDelegate.h; sourceTree = "<group>"; };
		48A85A141F10AE4A00C95DFD /* AppDelegate.m */ = {isa = PBXFileReference; lastKnownFileType = sourcecode.c.objc; path = AppDelegate.m; sourceTree = "<group>"; };
		48A85A161F10AE4A00C95DFD /* ViewController.h */ = {isa = PBXFileReference; lastKnownFileType = sourcecode.c.h; path = ViewController.h; sourceTree = "<group>"; };
		48A85A171F10AE4A00C95DFD /* ViewController.m */ = {isa = PBXFileReference; lastKnownFileType = sourcecode.c.objc; path = ViewController.m; sourceTree = "<group>"; };
		48A85A1A1F10AE4A00C95DFD /* Base */ = {isa = PBXFileReference; lastKnownFileType = file.storyboard; name = Base; path = Base.lproj/Main.storyboard; sourceTree = "<group>"; };
		48A85A1C1F10AE4A00C95DFD /* Assets.xcassets */ = {isa = PBXFileReference; lastKnownFileType = folder.assetcatalog; path = Assets.xcassets; sourceTree = "<group>"; };
		48A85A1F1F10AE4A00C95DFD /* Base */ = {isa = PBXFileReference; lastKnownFileType = file.storyboard; name = Base; path = Base.lproj/LaunchScreen.storyboard; sourceTree = "<group>"; };
		48A85A211F10AE4A00C95DFD /* Info.plist */ = {isa = PBXFileReference; lastKnownFileType = text.plist.xml; path = Info.plist; sourceTree = "<group>"; };
/* End PBXFileReference section */

/* Begin PBXFrameworksBuildPhase section */
		48A85A0A1F10AE4A00C95DFD /* Frameworks */ = {
			isa = PBXFrameworksBuildPhase;
			buildActionMask = 2147483647;
			files = (
			);
			runOnlyForDeploymentPostprocessing = 0;
		};
/* End PBXFrameworksBuildPhase section */

/* Begin PBXGroup section */
		48A85A041F10AE4900C95DFD = {
			isa = PBXGroup;
			children = (
				48A85A0F1F10AE4A00C95DFD /* WWTPods */,
				48A85A0E1F10AE4A00C95DFD /* Products */,
			);
			sourceTree = "<group>";
		};
		48A85A0E1F10AE4A00C95DFD /* Products */ = {
			isa = PBXGroup;
			children = (
				48A85A0D1F10AE4A00C95DFD /* WWTPods.app */,
			);
			name = Products;
			sourceTree = "<group>";
		};
		48A85A0F1F10AE4A00C95DFD /* WWTPods */ = {
			isa = PBXGroup;
			children = (
				48A85A131F10AE4A00C95DFD /* AppDelegate.h */,
				48A85A141F10AE4A00C95DFD /* AppDelegate.m */,
				48A85A161F10AE4A00C95DFD /* ViewController.h */,
				48A85A171F10AE4A00C95DFD /* ViewController.m */,
				4848B04D1F10EAA40093C973 /* WWTLog.h */,
				4848B04E1F10EAA40093C973 /* WWTLog.m */,
				48A85A191F10AE4A00C95DFD /* Main.storyboard */,
				48A85A1C1F10AE4A00C95DFD /* Assets.xcassets */,
				48A85A1E1F10AE4A00C95DFD /* LaunchScreen.storyboard */,
				48A85A211F10AE4A00C95DFD /* Info.plist */,
				48A85A101F10AE4A00C95DFD /* Supporting Files */,
			);
			path = WWTPods;
			sourceTree = "<group>";
		};
		48A85A101F10AE4A00C95DFD /* Supporting Files */ = {
			isa = PBXGroup;
			children = (
				48A85A111F10AE4A00C95DFD /* main.m */,
			);
			name = "Supporting Files";
			sourceTree = "<group>";
		};
/* End PBXGroup section */

/* Begin PBXNativeTarget section */
		48A85A0C1F10AE4A00C95DFD /* WWTPods */ = {
			isa = PBXNativeTarget;
			buildConfigurationList = 48A85A241F10AE4A00C95DFD /* Build configuration list for PBXNativeTarget "WWTPods" */;
			buildPhases = (
				48A85A091F10AE4A00C95DFD /* Sources */,
				48A85A0A1F10AE4A00C95DFD /* Frameworks */,
				48A85A0B1F10AE4A00C95DFD /* Resources */,
			);
			buildRules = (
			);
			dependencies = (
			);
			name = WWTPods;
			productName = WWTPods;
			productReference = 48A85A0D1F10AE4A00C95DFD /* WWTPods.app */;
			productType = "com.apple.product-type.application";
		};
/* End PBXNativeTarget section */

/* Begin PBXProject section */
		48A85A051F10AE4A00C95DFD /* Project object */ = {
			isa = PBXProject;
			attributes = {
				LastUpgradeCheck = 0720;
				ORGANIZATIONNAME = wuwentao;
				TargetAttributes = {
					48A85A0C1F10AE4A00C95DFD = {
						CreatedOnToolsVersion = 7.2;
					};
				};
			};
			buildConfigurationList = 48A85A081F10AE4A00C95DFD /* Build configuration list for PBXProject "WWTPods" */;
			compatibilityVersion = "Xcode 3.2";
			developmentRegion = English;
			hasScannedForEncodings = 0;
			knownRegions = (
				en,
				Base,
			);
			mainGroup = 48A85A041F10AE4900C95DFD;
			productRefGroup = 48A85A0E1F10AE4A00C95DFD /* Products */;
			projectDirPath = "";
			projectRoot = "";
			targets = (
				48A85A0C1F10AE4A00C95DFD /* WWTPods */,
			);
		};
/* End PBXProject section */

/* Begin PBXResourcesBuildPhase section */
		48A85A0B1F10AE4A00C95DFD /* Resources */ = {
			isa = PBXResourcesBuildPhase;
			buildActionMask = 2147483647;
			files = (
				48A85A201F10AE4A00C95DFD /* LaunchScreen.storyboard in Resources */,
				48A85A1D1F10AE4A00C95DFD /* Assets.xcassets in Resources */,
				48A85A1B1F10AE4A00C95DFD /* Main.storyboard in Resources */,
			);
			runOnlyForDeploymentPostprocessing = 0;
		};
/* End PBXResourcesBuildPhase section */

/* Begin PBXSourcesBuildPhase section */
		48A85A091F10AE4A00C95DFD /* Sources */ = {
			isa = PBXSourcesBuildPhase;
			buildActionMask = 2147483647;
			files = (
				48A85A181F10AE4A00C95DFD /* ViewController.m in Sources */,
				48A85A151F10AE4A00C95DFD /* AppDelegate.m in Sources */,
				48A85A121F10AE4A00C95DFD /* main.m in Sources */,
				4848B04F1F10EAA40093C973 /* WWTLog.m in Sources */,
			);
			runOnlyForDeploymentPostprocessing = 0;
		};
/* End PBXSourcesBuildPhase section */

/* Begin PBXVariantGroup section */
		48A85A191F10AE4A00C95DFD /* Main.storyboard */ = {
			isa = PBXVariantGroup;
			children = (
				48A85A1A1F10AE4A00C95DFD /* Base */,
			);
			name = Main.storyboard;
			sourceTree = "<group>";
		};
		48A85A1E1F10AE4A00C95DFD /* LaunchScreen.storyboard */ = {
			isa = PBXVariantGroup;
			children = (
				48A85A1F1F10AE4A00C95DFD /* Base */,
			);
			name = LaunchScreen.storyboard;
			sourceTree = "<group>";
		};
/* End PBXVariantGroup section */

/* Begin XCBuildConfiguration section */
		48A85A221F10AE4A00C95DFD /* Debug */ = {
			isa = XCBuildConfiguration;
			buildSettings = {
				ALWAYS_SEARCH_USER_PATHS = NO;
				CLANG_CXX_LANGUAGE_STANDARD = "gnu++0x";
				CLANG_CXX_LIBRARY = "libc++";
				CLANG_ENABLE_MODULES = YES;
				CLANG_ENABLE_OBJC_ARC = YES;
				CLANG_WARN_BOOL_CONVERSION = YES;
				CLANG_WARN_CONSTANT_CONVERSION = YES;
				CLANG_WARN_DIRECT_OBJC_ISA_USAGE = YES_ERROR;
				CLANG_WARN_EMPTY_BODY = YES;
				CLANG_WARN_ENUM_CONVERSION = YES;
				CLANG_WARN_INT_CONVERSION = YES;
				CLANG_WARN_OBJC_ROOT_CLASS = YES_ERROR;
				CLANG_WARN_UNREACHABLE_CODE = YES;
				CLANG_WARN__DUPLICATE_METHOD_MATCH = YES;
				"CODE_SIGN_IDENTITY[sdk=iphoneos*]" = "iPhone Developer";
				COPY_PHASE_STRIP = NO;
				DEBUG_INFORMATION_FORMAT = dwarf;
				ENABLE_STRICT_OBJC_MSGSEND = YES;
				ENABLE_TESTABILITY = YES;
				GCC_C_LANGUAGE_STANDARD = gnu99;
				GCC_DYNAMIC_NO_PIC = NO;
				GCC_NO_COMMON_BLOCKS = YES;
				GCC_OPTIMIZATION_LEVEL = 0;
				GCC_PREPROCESSOR_DEFINITIONS = (
					"DEBUG=1",
					"$(inherited)",
				);
				GCC_WARN_64_TO_32_BIT_CONVERSION = YES;
				GCC_WARN_ABOUT_RETURN_TYPE = YES_ERROR;
				GCC_WARN_UNDECLARED_SELECTOR = YES;
				GCC_WARN_UNINITIALIZED_AUTOS = YES_AGGRESSIVE;
				GCC_WARN_UNUSED_FUNCTION = YES;
				GCC_WARN_UNUSED_VARIABLE = YES;
				IPHONEOS_DEPLOYMENT_TARGET = 9.2;
				MTL_ENABLE_DEBUG_INFO = YES;
				ONLY_ACTIVE_ARCH = YES;
				SDKROOT = iphoneos;
			};
			name = Debug;
		};
		48A85A231F10AE4A00C95DFD /* Release */ = {
			isa = XCBuildConfiguration;
			buildSettings = {
				ALWAYS_SEARCH_USER_PATHS = NO;
				CLANG_CXX_LANGUAGE_STANDARD = "gnu++0x";
				CLANG_CXX_LIBRARY = "libc++";
				CLANG_ENABLE_MODULES = YES;
				CLANG_ENABLE_OBJC_ARC = YES;
				CLANG_WARN_BOOL_CONVERSION = YES;
				CLANG_WARN_CONSTANT_CONVERSION = YES;
				CLANG_WARN_DIRECT_OBJC_ISA_USAGE = YES_ERROR;
				CLANG_WARN_EMPTY_BODY = YES;
				CLANG_WARN_ENUM_CONVERSION = YES;
				CLANG_WARN_INT_CONVERSION = YES;
				CLANG_WARN_OBJC_ROOT_CLASS = YES_ERROR;
				CLANG_WARN_UNREACHABLE_CODE = YES;
				CLANG_WARN__DUPLICATE_METHOD_MATCH = YES;
				"CODE_SIGN_IDENTITY[sdk=iphoneos*]" = "iPhone Developer";
				COPY_PHASE_STRIP = NO;
				DEBUG_INFORMATION_FORMAT = "dwarf-with-dsym";
				ENABLE_NS_ASSERTIONS = NO;
				ENABLE_STRICT_OBJC_MSGSEND = YES;
				GCC_C_LANGUAGE_STANDARD = gnu99;
				GCC_NO_COMMON_BLOCKS = YES;
				GCC_WARN_64_TO_32_BIT_CONVERSION = YES;
				GCC_WARN_ABOUT_RETURN_TYPE = YES_ERROR;
				GCC_WARN_UNDECLARED_SELECTOR = YES;
				GCC_WARN_UNINITIALIZED_AUTOS = YES_AGGRESSIVE;
				GCC_WARN_UNUSED_FUNCTION = YES;
				GCC_WARN_UNUSED_VARIABLE = YES;
				IPHONEOS_DEPLOYMENT_TARGET = 9.2;
				MTL_ENABLE_DEBUG_INFO = NO;
				SDKROOT = iphoneos;
				VALIDATE_PRODUCT = YES;
			};
			name = Release;
		};
		48A85A251F10AE4A00C95DFD /* Debug */ = {
			isa = XCBuildConfiguration;
			buildSettings = {
				ASSETCATALOG_COMPILER_APPICON_NAME = AppIcon;
				INFOPLIST_FILE = WWTPods/Info.plist;
				LD_RUNPATH_SEARCH_PATHS = "$(inherited) @executable_path/Frameworks";
				PRODUCT_BUNDLE_IDENTIFIER = "-1.WWTPods";
				PRODUCT_NAME = "$(TARGET_NAME)";
			};
			name = Debug;
		};
		48A85A261F10AE4A00C95DFD /* Release */ = {
			isa = XCBuildConfiguration;
			buildSettings = {
				ASSETCATALOG_COMPILER_APPICON_NAME = AppIcon;
				INFOPLIST_FILE = WWTPods/Info.plist;
				LD_RUNPATH_SEARCH_PATHS = "$(inherited) @executable_path/Frameworks";
				PRODUCT_BUNDLE_IDENTIFIER = "-1.WWTPods";
				PRODUCT_NAME = "$(TARGET_NAME)";
			};
			name = Release;
		};
/* End XCBuildConfiguration section */

/* Begin XCConfigurationList section */
		48A85A081F10AE4A00C95DFD /* Build configuration list for PBXProject "WWTPods" */ = {
			isa = XCConfigurationList;
			buildConfigurations = (
				48A85A221F10AE4A00C95DFD /* Debug */,
				48A85A231F10AE4A00C95DFD /* Release */,
			);
			defaultConfigurationIsVisible = 0;
			defaultConfigurationName = Release;
		};
		48A85A241F10AE4A00C95DFD /* Build configuration list for PBXNativeTarget "WWTPods" */ = {
			isa = XCConfigurationList;
			buildConfigurations = (
				48A85A251F10AE4A00C95DFD /* Debug */,
				48A85A261F10AE4A00C95DFD /* Release */,
			);
			defaultConfigurationIsVisible = 0;
			defaultConfigurationName = Release;
		};
/* End XCConfigurationList section */
	};
	rootObject = 48A85A051F10AE4A00C95DFD /* Project object */;
}
